{
  "name": "exo",
  "version": "0.0.0",
  "lockfileVersion": 1,
  "requires": true,
  "dependencies": {
    "@types/underscore": {
      "version": "1.8.5",
      "resolved": "https://registry.npmjs.org/@types/underscore/-/underscore-1.8.5.tgz",
      "integrity": "sha512-7uT7cvLf0saZ4NOsqwG/vu4nyvkvjwibMGGxDEsUkBdaqkq/8apWCnKEpRvcJesO7AnTo+xLqj9/dElDETiT5Q==",
      "dev": true
    }
  }
}
